
Microsoft Visual Studio Solution File, Format Version 12.00
# Visual Studio Version 17
VisualStudioVersion = 17.9.34728.123
MinimumVisualStudioVersion = 10.0.40219.1
Project("{FAE04EC0-301F-11D3-BF4B-00C04F79EFBC}") = "Lesson5_DZ", "Lesson5_DZ.csproj", "{43559093-29AE-4787-AD5C-791F33A51FB5}"
EndProject
Global
	GlobalSection(SolutionConfigurationPlatforms) = preSolution
		Debug|Any CPU = Debug|Any CPU
		Release|Any CPU = Release|Any CPU
	EndGlobalSection
	GlobalSection(ProjectConfigurationPlatforms) = postSolution
		{43559093-29AE-4787-AD5C-791F33A51FB5}.Debug|Any CPU.ActiveCfg = Debug|Any CPU
		{43559093-29AE-4787-AD5C-791F33A51FB5}.Debug|Any CPU.Build.0 = Debug|Any CPU
		{43559093-29AE-4787-AD5C-791F33A51FB5}.Release|Any CPU.ActiveCfg = Release|Any CPU
		{43559093-29AE-4787-AD5C-791F33A51FB5}.Release|Any CPU.Build.0 = Release|Any CPU
	EndGlobalSection
	GlobalSection(SolutionProperties) = preSolution
		HideSolutionNode = FALSE
	EndGlobalSection
	GlobalSection(ExtensibilityGlobals) = postSolution
		SolutionGuid = {64C0DD7E-6A58-46BD-86D1-A00D082E3640}
	EndGlobalSection
EndGlobal
